// !$*UTF8*$!
{
	archiveVersion = 1;
	classes = {
	};
	objectVersion = 46;
	objects = {

/* Begin PBXBuildFile section */
		2F5D36321EE1023E0006E51D /* Assets.xcassets in Resources */ = {isa = PBXBuildFile; fileRef = 2F5D36311EE1023E0006E51D /* Assets.xcassets */; };
		2F5D36391EE1023E0006E51D /* MessagesExtension.appex in Embed App Extensions */ = {isa = PBXBuildFile; fileRef = 2F5D36381EE1023E0006E51D /* MessagesExtension.appex */; settings = {ATTRIBUTES = (RemoveHeadersOnCopy, ); }; };
		2F5D363E1EE1023E0006E51D /* Messages.framework in Frameworks */ = {isa = PBXBuildFile; fileRef = 2F5D363D1EE1023E0006E51D /* Messages.framework */; };
		2F5D36411EE1023E0006E51D /* MessagesViewController.swift in Sources */ = {isa = PBXBuildFile; fileRef = 2F5D36401EE1023E0006E51D /* MessagesViewController.swift */; };
		2F5D36441EE1023E0006E51D /* MainInterface.storyboard in Resources */ = {isa = PBXBuildFile; fileRef = 2F5D36421EE1023E0006E51D /* MainInterface.storyboard */; };
		2F5D36461EE1023E0006E51D /* Assets.xcassets in Resources */ = {isa = PBXBuildFile; fileRef = 2F5D36451EE1023E0006E51D /* Assets.xcassets */; };
/* End PBXBuildFile section */

/* Begin PBXContainerItemProxy section */
		2F5D363A1EE1023E0006E51D /* PBXContainerItemProxy */ = {
			isa = PBXContainerItemProxy;
			containerPortal = 2F5D36281EE1023E0006E51D /* Project object */;
			proxyType = 1;
			remoteGlobalIDString = 2F5D36371EE1023E0006E51D;
			remoteInfo = MessagesExtension;
		};
/* End PBXContainerItemProxy section */

/* Begin PBXCopyFilesBuildPhase section */
		2F5D364D1EE1023E0006E51D /* Embed App Extensions */ = {
			isa = PBXCopyFilesBuildPhase;
			buildActionMask = 2147483647;
			dstPath = "";
			dstSubfolderSpec = 13;
			files = (
				2F5D36391EE1023E0006E51D /* MessagesExtension.appex in Embed App Extensions */,
			);
			name = "Embed App Extensions";
			runOnlyForDeploymentPostprocessing = 0;
		};
/* End PBXCopyFilesBuildPhase section */

/* Begin PBXFileReference section */
		2F5D362E1EE1023E0006E51D /* MessageApp.app */ = {isa = PBXFileReference; explicitFileType = wrapper.application; includeInIndex = 0; path = MessageApp.app; sourceTree = BUILT_PRODUCTS_DIR; };
		2F5D36311EE1023E0006E51D /* Assets.xcassets */ = {isa = PBXFileReference; lastKnownFileType = folder.assetcatalog; path = Assets.xcassets; sourceTree = "<group>"; };
		2F5D36331EE1023E0006E51D /* Info.plist */ = {isa = PBXFileReference; lastKnownFileType = text.plist.xml; path = Info.plist; sourceTree = "<group>"; };
		2F5D36381EE1023E0006E51D /* MessagesExtension.appex */ = {isa = PBXFileReference; explicitFileType = "wrapper.app-extension"; includeInIndex = 0; path = MessagesExtension.appex; sourceTree = BUILT_PRODUCTS_DIR; };
		2F5D363D1EE1023E0006E51D /* Messages.framework */ = {isa = PBXFileReference; lastKnownFileType = wrapper.framework; name = Messages.framework; path = System/Library/Frameworks/Messages.framework; sourceTree = SDKROOT; };
		2F5D36401EE1023E0006E51D /* MessagesViewController.swift */ = {isa = PBXFileReference; lastKnownFileType = sourcecode.swift; path = MessagesViewController.swift; sourceTree = "<group>"; };
		2F5D36431EE1023E0006E51D /* Base */ = {isa = PBXFileReference; lastKnownFileType = file.storyboard; name = Base; path = Base.lproj/MainInterface.storyboard; sourceTree = "<group>"; };
		2F5D36451EE1023E0006E51D /* Assets.xcassets */ = {isa = PBXFileReference; lastKnownFileType = folder.assetcatalog; path = Assets.xcassets; sourceTree = "<group>"; };
		2F5D36471EE1023E0006E51D /* Info.plist */ = {isa = PBXFileReference; lastKnownFileType = text.plist.xml; path = Info.plist; sourceTree = "<group>"; };
/* End PBXFileReference section */

/* Begin PBXFrameworksBuildPhase section */
		2F5D36351EE1023E0006E51D /* Frameworks */ = {
			isa = PBXFrameworksBuildPhase;
			buildActionMask = 2147483647;
			files = (
				2F5D363E1EE1023E0006E51D /* Messages.framework in Frameworks */,
			);
			runOnlyForDeploymentPostprocessing = 0;
		};
/* End PBXFrameworksBuildPhase section */

/* Begin PBXGroup section */
		2F5D36271EE1023E0006E51D = {
			isa = PBXGroup;
			children = (
				2F5D36301EE1023E0006E51D /* MessageApp */,
				2F5D363F1EE1023E0006E51D /* MessagesExtension */,
				2F5D363C1EE1023E0006E51D /* Frameworks */,
				2F5D362F1EE1023E0006E51D /* Products */,
			);
			sourceTree = "<group>";
		};
		2F5D362F1EE1023E0006E51D /* Products */ = {
			isa = PBXGroup;
			children = (
				2F5D362E1EE1023E0006E51D /* MessageApp.app */,
				2F5D36381EE1023E0006E51D /* MessagesExtension.appex */,
			);
			name = Products;
			sourceTree = "<group>";
		};
		2F5D36301EE1023E0006E51D /* MessageApp */ = {
			isa = PBXGroup;
			children = (
				2F5D36311EE1023E0006E51D /* Assets.xcassets */,
				2F5D36331EE1023E0006E51D /* Info.plist */,
			);
			path = MessageApp;
			sourceTree = "<group>";
		};
		2F5D363C1EE1023E0006E51D /* Frameworks */ = {
			isa = PBXGroup;
			children = (
				2F5D363D1EE1023E0006E51D /* Messages.framework */,
			);
			name = Frameworks;
			sourceTree = "<group>";
		};
		2F5D363F1EE1023E0006E51D /* MessagesExtension */ = {
			isa = PBXGroup;
			children = (
				2F5D36401EE1023E0006E51D /* MessagesViewController.swift */,
				2F5D36421EE1023E0006E51D /* MainInterface.storyboard */,
				2F5D36451EE1023E0006E51D /* Assets.xcassets */,
				2F5D36471EE1023E0006E51D /* Info.plist */,
			);
			path = MessagesExtension;
			sourceTree = "<group>";
		};
/* End PBXGroup section */

/* Begin PBXNativeTarget section */
		2F5D362D1EE1023E0006E51D /* MessageApp */ = {
			isa = PBXNativeTarget;
			buildConfigurationList = 2F5D364E1EE1023E0006E51D /* Build configuration list for PBXNativeTarget "MessageApp" */;
			buildPhases = (
				2F5D362C1EE1023E0006E51D /* Resources */,
				2F5D364D1EE1023E0006E51D /* Embed App Extensions */,
			);
			buildRules = (
			);
			dependencies = (
				2F5D363B1EE1023E0006E51D /* PBXTargetDependency */,
			);
			name = MessageApp;
			productName = MessageApp;
			productReference = 2F5D362E1EE1023E0006E51D /* MessageApp.app */;
			productType = "com.apple.product-type.application.messages";
		};
		2F5D36371EE1023E0006E51D /* MessagesExtension */ = {
			isa = PBXNativeTarget;
			buildConfigurationList = 2F5D364A1EE1023E0006E51D /* Build configuration list for PBXNativeTarget "MessagesExtension" */;
			buildPhases = (
				2F5D36341EE1023E0006E51D /* Sources */,
				2F5D36351EE1023E0006E51D /* Frameworks */,
				2F5D36361EE1023E0006E51D /* Resources */,
			);
			buildRules = (
			);
			dependencies = (
			);
			name = MessagesExtension;
			productName = MessagesExtension;
			productReference = 2F5D36381EE1023E0006E51D /* MessagesExtension.appex */;
			productType = "com.apple.product-type.app-extension.messages";
		};
/* End PBXNativeTarget section */

/* Begin PBXProject section */
		2F5D36281EE1023E0006E51D /* Project object */ = {
			isa = PBXProject;
			attributes = {
				LastSwiftUpdateCheck = 0830;
				LastUpgradeCheck = 0830;
				ORGANIZATIONNAME = zerogmi;
				TargetAttributes = {
					2F5D362D1EE1023E0006E51D = {
						CreatedOnToolsVersion = 8.3.2;
						DevelopmentTeam = 9LN78F3F9H;
						ProvisioningStyle = Automatic;
					};
					2F5D36371EE1023E0006E51D = {
						CreatedOnToolsVersion = 8.3.2;
						DevelopmentTeam = 9LN78F3F9H;
						ProvisioningStyle = Automatic;
					};
				};
			};
			buildConfigurationList = 2F5D362B1EE1023E0006E51D /* Build configuration list for PBXProject "MessageApp" */;
			compatibilityVersion = "Xcode 3.2";
			developmentRegion = English;
			hasScannedForEncodings = 0;
			knownRegions = (
				en,
				Base,
			);
			mainGroup = 2F5D36271EE1023E0006E51D;
			productRefGroup = 2F5D362F1EE1023E0006E51D /* Products */;
			projectDirPath = "";
			projectRoot = "";
			targets = (
				2F5D362D1EE1023E0006E51D /* MessageApp */,
				2F5D36371EE1023E0006E51D /* MessagesExtension */,
			);
		};
/* End PBXProject section */

/* Begin PBXResourcesBuildPhase section */
		2F5D362C1EE1023E0006E51D /* Resources */ = {
			isa = PBXResourcesBuildPhase;
			buildActionMask = 2147483647;
			files = (
				2F5D36321EE1023E0006E51D /* Assets.xcassets in Resources */,
			);
			runOnlyForDeploymentPostprocessing = 0;
		};
		2F5D36361EE1023E0006E51D /* Resources */ = {
			isa = PBXResourcesBuildPhase;
			buildActionMask = 2147483647;
			files = (
				2F5D36461EE1023E0006E51D /* Assets.xcassets in Resources */,
				2F5D36441EE1023E0006E51D /* MainInterface.storyboard in Resources */,
			);
			runOnlyForDeploymentPostprocessing = 0;
		};
/* End PBXResourcesBuildPhase section */

/* Begin PBXSourcesBuildPhase section */
		2F5D36341EE1023E0006E51D /* Sources */ = {
			isa = PBXSourcesBuildPhase;
			buildActionMask = 2147483647;
			files = (
				2F5D36411EE1023E0006E51D /* MessagesViewController.swift in Sources */,
			);
			runOnlyForDeploymentPostprocessing = 0;
		};
/* End PBXSourcesBuildPhase section */

/* Begin PBXTargetDependency section */
		2F5D363B1EE1023E0006E51D /* PBXTargetDependency */ = {
			isa = PBXTargetDependency;
			target = 2F5D36371EE1023E0006E51D /* MessagesExtension */;
			targetProxy = 2F5D363A1EE1023E0006E51D /* PBXContainerItemProxy */;
		};
/* End PBXTargetDependency section */

/* Begin PBXVariantGroup section */
		2F5D36421EE1023E0006E51D /* MainInterface.storyboard */ = {
			isa = PBXVariantGroup;
			children = (
				2F5D36431EE1023E0006E51D /* Base */,
			);
			name = MainInterface.storyboard;
			sourceTree = "<group>";
		};
/* End PBXVariantGroup section */

/* Begin XCBuildConfiguration section */
		2F5D36481EE1023E0006E51D /* Debug */ = {
			isa = XCBuildConfiguration;
			buildSettings = {
				ALWAYS_SEARCH_USER_PATHS = NO;
				CLANG_ANALYZER_NONNULL = YES;
				CLANG_ANALYZER_NUMBER_OBJECT_CONVERSION = YES_AGGRESSIVE;
				CLANG_CXX_LANGUAGE_STANDARD = "gnu++0x";
				CLANG_CXX_LIBRARY = "libc++";
				CLANG_ENABLE_MODULES = YES;
				CLANG_ENABLE_OBJC_ARC = YES;
				CLANG_WARN_BOOL_CONVERSION = YES;
				CLANG_WARN_CONSTANT_CONVERSION = YES;
				CLANG_WARN_DIRECT_OBJC_ISA_USAGE = YES_ERROR;
				CLANG_WARN_DOCUMENTATION_COMMENTS = YES;
				CLANG_WARN_EMPTY_BODY = YES;
				CLANG_WARN_ENUM_CONVERSION = YES;
				CLANG_WARN_INFINITE_RECURSION = YES;
				CLANG_WARN_INT_CONVERSION = YES;
				CLANG_WARN_OBJC_ROOT_CLASS = YES_ERROR;
				CLANG_WARN_SUSPICIOUS_MOVE = YES;
				CLANG_WARN_UNREACHABLE_CODE = YES;
				CLANG_WARN__DUPLICATE_METHOD_MATCH = YES;
				"CODE_SIGN_IDENTITY[sdk=iphoneos*]" = "iPhone Developer";
				COPY_PHASE_STRIP = NO;
				DEBUG_INFORMATION_FORMAT = dwarf;
				ENABLE_STRICT_OBJC_MSGSEND = YES;
				ENABLE_TESTABILITY = YES;
				GCC_C_LANGUAGE_STANDARD = gnu99;
				GCC_DYNAMIC_NO_PIC = NO;
				GCC_NO_COMMON_BLOCKS = YES;
				GCC_OPTIMIZATION_LEVEL = 0;
				GCC_PREPROCESSOR_DEFINITIONS = (
					"DEBUG=1",
					"$(inherited)",
				);
				GCC_WARN_64_TO_32_BIT_CONVERSION = YES;
				GCC_WARN_ABOUT_RETURN_TYPE = YES_ERROR;
				GCC_WARN_UNDECLARED_SELECTOR = YES;
				GCC_WARN_UNINITIALIZED_AUTOS = YES_AGGRESSIVE;
				GCC_WARN_UNUSED_FUNCTION = YES;
				GCC_WARN_UNUSED_VARIABLE = YES;
				IPHONEOS_DEPLOYMENT_TARGET = 10.3;
				MTL_ENABLE_DEBUG_INFO = YES;
				ONLY_ACTIVE_ARCH = YES;
				SDKROOT = iphoneos;
				SWIFT_ACTIVE_COMPILATION_CONDITIONS = DEBUG;
				SWIFT_OPTIMIZATION_LEVEL = "-Onone";
				TARGETED_DEVICE_FAMILY = "1,2";
			};
			name = Debug;
		};
		2F5D36491EE1023E0006E51D /* Release */ = {
			isa = XCBuildConfiguration;
			buildSettings = {
				ALWAYS_SEARCH_USER_PATHS = NO;
				CLANG_ANALYZER_NONNULL = YES;
				CLANG_ANALYZER_NUMBER_OBJECT_CONVERSION = YES_AGGRESSIVE;
				CLANG_CXX_LANGUAGE_STANDARD = "gnu++0x";
				CLANG_CXX_LIBRARY = "libc++";
				CLANG_ENABLE_MODULES = YES;
				CLANG_ENABLE_OBJC_ARC = YES;
				CLANG_WARN_BOOL_CONVERSION = YES;
				CLANG_WARN_CONSTANT_CONVERSION = YES;
				CLANG_WARN_DIRECT_OBJC_ISA_USAGE = YES_ERROR;
				CLANG_WARN_DOCUMENTATION_COMMENTS = YES;
				CLANG_WARN_EMPTY_BODY = YES;
				CLANG_WARN_ENUM_CONVERSION = YES;
				CLANG_WARN_INFINITE_RECURSION = YES;
				CLANG_WARN_INT_CONVERSION = YES;
				CLANG_WARN_OBJC_ROOT_CLASS = YES_ERROR;
				CLANG_WARN_SUSPICIOUS_MOVE = YES;
				CLANG_WARN_UNREACHABLE_CODE = YES;
				CLANG_WARN__DUPLICATE_METHOD_MATCH = YES;
				"CODE_SIGN_IDENTITY[sdk=iphoneos*]" = "iPhone Developer";
				COPY_PHASE_STRIP = NO;
				DEBUG_INFORMATION_FORMAT = "dwarf-with-dsym";
				ENABLE_NS_ASSERTIONS = NO;
				ENABLE_STRICT_OBJC_MSGSEND = YES;
				GCC_C_LANGUAGE_STANDARD = gnu99;
				GCC_NO_COMMON_BLOCKS = YES;
				GCC_WARN_64_TO_32_BIT_CONVERSION = YES;
				GCC_WARN_ABOUT_RETURN_TYPE = YES_ERROR;
				GCC_WARN_UNDECLARED_SELECTOR = YES;
				GCC_WARN_UNINITIALIZED_AUTOS = YES_AGGRESSIVE;
				GCC_WARN_UNUSED_FUNCTION = YES;
				GCC_WARN_UNUSED_VARIABLE = YES;
				IPHONEOS_DEPLOYMENT_TARGET = 10.3;
				MTL_ENABLE_DEBUG_INFO = NO;
				SDKROOT = iphoneos;
				SWIFT_OPTIMIZATION_LEVEL = "-Owholemodule";
				TARGETED_DEVICE_FAMILY = "1,2";
				VALIDATE_PRODUCT = YES;
			};
			name = Release;
		};
		2F5D364B1EE1023E0006E51D /* Debug */ = {
			isa = XCBuildConfiguration;
			buildSettings = {
				ASSETCATALOG_COMPILER_APPICON_NAME = "iMessage App Icon";
				DEVELOPMENT_TEAM = 9LN78F3F9H;
				INFOPLIST_FILE = MessagesExtension/Info.plist;
				LD_RUNPATH_SEARCH_PATHS = "$(inherited) @executable_path/Frameworks @executable_path/../../Frameworks";
				PRODUCT_BUNDLE_IDENTIFIER = com.zerogmi.MessageApp.MessagesExtension;
				PRODUCT_NAME = "$(TARGET_NAME)";
				SKIP_INSTALL = YES;
				SWIFT_VERSION = 3.0;
			};
			name = Debug;
		};
		2F5D364C1EE1023E0006E51D /* Release */ = {
			isa = XCBuildConfiguration;
			buildSettings = {
				ASSETCATALOG_COMPILER_APPICON_NAME = "iMessage App Icon";
				DEVELOPMENT_TEAM = 9LN78F3F9H;
				INFOPLIST_FILE = MessagesExtension/Info.plist;
				LD_RUNPATH_SEARCH_PATHS = "$(inherited) @executable_path/Frameworks @executable_path/../../Frameworks";
				PRODUCT_BUNDLE_IDENTIFIER = com.zerogmi.MessageApp.MessagesExtension;
				PRODUCT_NAME = "$(TARGET_NAME)";
				SKIP_INSTALL = YES;
				SWIFT_VERSION = 3.0;
			};
			name = Release;
		};
		2F5D364F1EE1023E0006E51D /* Debug */ = {
			isa = XCBuildConfiguration;
			buildSettings = {
				ALWAYS_EMBED_SWIFT_STANDARD_LIBRARIES = YES;
				ASSETCATALOG_COMPILER_APPICON_NAME = AppIcon;
				DEVELOPMENT_TEAM = 9LN78F3F9H;
				INFOPLIST_FILE = MessageApp/Info.plist;
				PRODUCT_BUNDLE_IDENTIFIER = com.zerogmi.MessageApp;
				PRODUCT_NAME = "$(TARGET_NAME)";
				SWIFT_VERSION = 3.0;
			};
			name = Debug;
		};
		2F5D36501EE1023E0006E51D /* Release */ = {
			isa = XCBuildConfiguration;
			buildSettings = {
				ALWAYS_EMBED_SWIFT_STANDARD_LIBRARIES = YES;
				ASSETCATALOG_COMPILER_APPICON_NAME = AppIcon;
				DEVELOPMENT_TEAM = 9LN78F3F9H;
				INFOPLIST_FILE = MessageApp/Info.plist;
				PRODUCT_BUNDLE_IDENTIFIER = com.zerogmi.MessageApp;
				PRODUCT_NAME = "$(TARGET_NAME)";
				SWIFT_VERSION = 3.0;
			};
			name = Release;
		};
/* End XCBuildConfiguration section */

/* Begin XCConfigurationList section */
		2F5D362B1EE1023E0006E51D /* Build configuration list for PBXProject "MessageApp" */ = {
			isa = XCConfigurationList;
			buildConfigurations = (
				2F5D36481EE1023E0006E51D /* Debug */,
				2F5D36491EE1023E0006E51D /* Release */,
			);
			defaultConfigurationIsVisible = 0;
			defaultConfigurationName = Release;
		};
		2F5D364A1EE1023E0006E51D /* Build configuration list for PBXNativeTarget "MessagesExtension" */ = {
			isa = XCConfigurationList;
			buildConfigurations = (
				2F5D364B1EE1023E0006E51D /* Debug */,
				2F5D364C1EE1023E0006E51D /* Release */,
			);
			defaultConfigurationIsVisible = 0;
		};
		2F5D364E1EE1023E0006E51D /* Build configuration list for PBXNativeTarget "MessageApp" */ = {
			isa = XCConfigurationList;
			buildConfigurations = (
				2F5D364F1EE1023E0006E51D /* Debug */,
				2F5D36501EE1023E0006E51D /* Release */,
			);
			defaultConfigurationIsVisible = 0;
		};
/* End XCConfigurationList section */
	};
	rootObject = 2F5D36281EE1023E0006E51D /* Project object */;
}
